PODS:
  - Alamofire (4.8.1)
  - RamblerAppDelegateProxy (0.0.5)
  - Realm (3.13.1):
    - Realm/Headers (= 3.13.1)
  - Realm/Headers (3.13.1)
  - RealmSwift (3.13.1):
    - Realm (= 3.13.1)
  - SnapKit (4.2.0)
  - Starscream (3.0.6)

DEPENDENCIES:
  - Alamofire
  - RamblerAppDelegateProxy
  - RealmSwift
  - SnapKit
  - Starscream

SPEC REPOS:
  https://github.com/cocoapods/specs.git:
    - Alamofire
    - RamblerAppDelegateProxy
    - Realm
    - RealmSwift
    - SnapKit
    - Starscream

SPEC CHECKSUMS:
  Alamofire: 16ce2c353fb72865124ddae8a57c5942388f4f11
  RamblerAppDelegateProxy: 9e90d7bd1406865918538b4c720fa0977b848a1b
  Realm: 50071da38fe079e0735e47c9f2eae738c68c5996
  RealmSwift: 8a1e6a02b7a08cd17a31e3115143fb69fe5f3fb9
  SnapKit: fe8a619752f3f27075cc9a90244d75c6c3f27e2a
  Starscream: ef3ece99d765eeccb67de105bfa143f929026cf5

PODFILE CHECKSUM: 5ec28d6a868b365591c95d1e763a1a411ca337cb

COCOAPODS: 1.6.0
