PODS:
  - Alamofire (4.8.1)
  - Chatto (3.3.1)
  - ChattoAdditions (3.3.1):
    - Chatto
  - RamblerAppDelegateProxy (0.0.5)
  - SnapKit (4.2.0)
  - Starscream (3.0.6)

DEPENDENCIES:
  - Alamofire
  - Chatto
  - ChattoAdditions
  - RamblerAppDelegateProxy
  - SnapKit
  - Starscream

SPEC REPOS:
  https://github.com/cocoapods/specs.git:
    - Alamofire
    - Chatto
    - ChattoAdditions
    - RamblerAppDelegateProxy
    - SnapKit
    - Starscream

SPEC CHECKSUMS:
  Alamofire: 16ce2c353fb72865124ddae8a57c5942388f4f11
  Chatto: 24a6c9b0c91b08130466888b8b61563b90191c6f
  ChattoAdditions: cc74cd3dd371aa3f70e5ab8568a4f383f0c0eb8c
  RamblerAppDelegateProxy: 9e90d7bd1406865918538b4c720fa0977b848a1b
  SnapKit: fe8a619752f3f27075cc9a90244d75c6c3f27e2a
  Starscream: ef3ece99d765eeccb67de105bfa143f929026cf5

PODFILE CHECKSUM: 61887f24b08db172e80d27a4d34c5cead2d4da36

COCOAPODS: 1.6.1
