// !$*UTF8*$!
{
	archiveVersion = 1;
	classes = {
	};
	objectVersion = 50;
	objects = {

/* Begin PBXBuildFile section */
		6D84A9D4584D7B849E2324A0 /* Pods_mattermost.framework in Frameworks */ = {isa = PBXBuildFile; fileRef = A28DF2302C186CA30FDB9013 /* Pods_mattermost.framework */; };
		9860B81E223F6C0300132666 /* InputServerPresenterAssembler.swift in Sources */ = {isa = PBXBuildFile; fileRef = 9860B81D223F6C0300132666 /* InputServerPresenterAssembler.swift */; };
		9860B820223F726C00132666 /* BaseViewController.swift in Sources */ = {isa = PBXBuildFile; fileRef = 9860B81F223F726C00132666 /* BaseViewController.swift */; };
		9860B822223F858400132666 /* BaseRouter.swift in Sources */ = {isa = PBXBuildFile; fileRef = 9860B821223F858400132666 /* BaseRouter.swift */; };
		9860B825223F8FA900132666 /* UIViewController+TransitionHandler.swift in Sources */ = {isa = PBXBuildFile; fileRef = 9860B824223F8FA900132666 /* UIViewController+TransitionHandler.swift */; };
		9860B827223F8FB700132666 /* TransitionHandler.swift in Sources */ = {isa = PBXBuildFile; fileRef = 9860B826223F8FB700132666 /* TransitionHandler.swift */; };
		98B51AA7223B7886003325FA /* User.swift in Sources */ = {isa = PBXBuildFile; fileRef = 98B51AA6223B7886003325FA /* User.swift */; };
		98B51AAA223B7A7E003325FA /* InputServerAssembler.swift in Sources */ = {isa = PBXBuildFile; fileRef = 98B51AA9223B7A7E003325FA /* InputServerAssembler.swift */; };
		98B51AAF223B7AD2003325FA /* InputServerPresenter.swift in Sources */ = {isa = PBXBuildFile; fileRef = 98B51AAE223B7AD2003325FA /* InputServerPresenter.swift */; };
		98B51AB1223B7B06003325FA /* InputServerContract.swift in Sources */ = {isa = PBXBuildFile; fileRef = 98B51AB0223B7B06003325FA /* InputServerContract.swift */; };
		98B51AB4223B7F18003325FA /* BaseAssembler.swift in Sources */ = {isa = PBXBuildFile; fileRef = 98B51AB3223B7F18003325FA /* BaseAssembler.swift */; };
		98B51AB6223B7F47003325FA /* BaseView.swift in Sources */ = {isa = PBXBuildFile; fileRef = 98B51AB5223B7F47003325FA /* BaseView.swift */; };
		98B51AB8223B7F51003325FA /* BasePresenter.swift in Sources */ = {isa = PBXBuildFile; fileRef = 98B51AB7223B7F51003325FA /* BasePresenter.swift */; };
		98B51ABC223BA72A003325FA /* InputServerTheme.swift in Sources */ = {isa = PBXBuildFile; fileRef = 98B51ABB223BA72A003325FA /* InputServerTheme.swift */; };
		98D20C7522378F5D0093E094 /* InputServerViewController.swift in Sources */ = {isa = PBXBuildFile; fileRef = 98D20C7422378F5D0093E094 /* InputServerViewController.swift */; };
		98E8E660221553E700F13355 /* AppDelegate.swift in Sources */ = {isa = PBXBuildFile; fileRef = 98E8E65F221553E700F13355 /* AppDelegate.swift */; };
		98E8E667221553EA00F13355 /* Assets.xcassets in Resources */ = {isa = PBXBuildFile; fileRef = 98E8E666221553EA00F13355 /* Assets.xcassets */; };
		98E8E66A221553EA00F13355 /* LaunchScreen.storyboard in Resources */ = {isa = PBXBuildFile; fileRef = 98E8E668221553EA00F13355 /* LaunchScreen.storyboard */; };
		98FB42062238D22D00569143 /* InputServerViewController.xib in Resources */ = {isa = PBXBuildFile; fileRef = 98FB42052238D22D00569143 /* InputServerViewController.xib */; };
		98FB420A2238D7C900569143 /* ServerUrlsService.swift in Sources */ = {isa = PBXBuildFile; fileRef = 98FB42092238D7C900569143 /* ServerUrlsService.swift */; };
		98FB420D2238DDD600569143 /* LoginViewController.swift in Sources */ = {isa = PBXBuildFile; fileRef = 98FB420C2238DDD600569143 /* LoginViewController.swift */; };
		98FB420F2238DDE600569143 /* LoginViewController.xib in Resources */ = {isa = PBXBuildFile; fileRef = 98FB420E2238DDE600569143 /* LoginViewController.xib */; };
		98FB42112238E6E300569143 /* WebSocketService.swift in Sources */ = {isa = PBXBuildFile; fileRef = 98FB42102238E6E300569143 /* WebSocketService.swift */; };
		DDC2645322241F2400513411 /* UsersService.swift in Sources */ = {isa = PBXBuildFile; fileRef = DDC2645222241F2400513411 /* UsersService.swift */; };
		DDDC531C22158BCF0032A9A3 /* BaseService.swift in Sources */ = {isa = PBXBuildFile; fileRef = DDDC531B22158BCF0032A9A3 /* BaseService.swift */; };
/* End PBXBuildFile section */

/* Begin PBXFileReference section */
		3EE839562CBCE48AEC0431C1 /* Pods-mattermost.debug.xcconfig */ = {isa = PBXFileReference; includeInIndex = 1; lastKnownFileType = text.xcconfig; name = "Pods-mattermost.debug.xcconfig"; path = "Pods/Target Support Files/Pods-mattermost/Pods-mattermost.debug.xcconfig"; sourceTree = "<group>"; };
		9860B81D223F6C0300132666 /* InputServerPresenterAssembler.swift */ = {isa = PBXFileReference; lastKnownFileType = sourcecode.swift; path = InputServerPresenterAssembler.swift; sourceTree = "<group>"; };
		9860B81F223F726C00132666 /* BaseViewController.swift */ = {isa = PBXFileReference; lastKnownFileType = sourcecode.swift; path = BaseViewController.swift; sourceTree = "<group>"; };
		9860B821223F858400132666 /* BaseRouter.swift */ = {isa = PBXFileReference; lastKnownFileType = sourcecode.swift; path = BaseRouter.swift; sourceTree = "<group>"; };
		9860B824223F8FA900132666 /* UIViewController+TransitionHandler.swift */ = {isa = PBXFileReference; lastKnownFileType = sourcecode.swift; path = "UIViewController+TransitionHandler.swift"; sourceTree = "<group>"; };
		9860B826223F8FB700132666 /* TransitionHandler.swift */ = {isa = PBXFileReference; lastKnownFileType = sourcecode.swift; path = TransitionHandler.swift; sourceTree = "<group>"; };
		98B51AA6223B7886003325FA /* User.swift */ = {isa = PBXFileReference; lastKnownFileType = sourcecode.swift; path = User.swift; sourceTree = "<group>"; };
		98B51AA9223B7A7E003325FA /* InputServerAssembler.swift */ = {isa = PBXFileReference; lastKnownFileType = sourcecode.swift; path = InputServerAssembler.swift; sourceTree = "<group>"; };
		98B51AAE223B7AD2003325FA /* InputServerPresenter.swift */ = {isa = PBXFileReference; lastKnownFileType = sourcecode.swift; path = InputServerPresenter.swift; sourceTree = "<group>"; };
		98B51AB0223B7B06003325FA /* InputServerContract.swift */ = {isa = PBXFileReference; lastKnownFileType = sourcecode.swift; path = InputServerContract.swift; sourceTree = "<group>"; };
		98B51AB3223B7F18003325FA /* BaseAssembler.swift */ = {isa = PBXFileReference; lastKnownFileType = sourcecode.swift; path = BaseAssembler.swift; sourceTree = "<group>"; };
		98B51AB5223B7F47003325FA /* BaseView.swift */ = {isa = PBXFileReference; lastKnownFileType = sourcecode.swift; path = BaseView.swift; sourceTree = "<group>"; };
		98B51AB7223B7F51003325FA /* BasePresenter.swift */ = {isa = PBXFileReference; lastKnownFileType = sourcecode.swift; path = BasePresenter.swift; sourceTree = "<group>"; };
		98B51ABB223BA72A003325FA /* InputServerTheme.swift */ = {isa = PBXFileReference; lastKnownFileType = sourcecode.swift; path = InputServerTheme.swift; sourceTree = "<group>"; };
		98D20C7422378F5D0093E094 /* InputServerViewController.swift */ = {isa = PBXFileReference; lastKnownFileType = sourcecode.swift; path = InputServerViewController.swift; sourceTree = "<group>"; };
		98E8E65C221553E700F13355 /* mattermost.app */ = {isa = PBXFileReference; explicitFileType = wrapper.application; includeInIndex = 0; path = mattermost.app; sourceTree = BUILT_PRODUCTS_DIR; };
		98E8E65F221553E700F13355 /* AppDelegate.swift */ = {isa = PBXFileReference; lastKnownFileType = sourcecode.swift; path = AppDelegate.swift; sourceTree = "<group>"; };
		98E8E666221553EA00F13355 /* Assets.xcassets */ = {isa = PBXFileReference; lastKnownFileType = folder.assetcatalog; path = Assets.xcassets; sourceTree = "<group>"; };
		98E8E669221553EA00F13355 /* Base */ = {isa = PBXFileReference; lastKnownFileType = file.storyboard; name = Base; path = Base.lproj/LaunchScreen.storyboard; sourceTree = "<group>"; };
		98E8E66B221553EA00F13355 /* Info.plist */ = {isa = PBXFileReference; lastKnownFileType = text.plist.xml; path = Info.plist; sourceTree = "<group>"; };
		98FB42052238D22D00569143 /* InputServerViewController.xib */ = {isa = PBXFileReference; lastKnownFileType = file.xib; path = InputServerViewController.xib; sourceTree = "<group>"; };
		98FB42092238D7C900569143 /* ServerUrlsService.swift */ = {isa = PBXFileReference; lastKnownFileType = sourcecode.swift; path = ServerUrlsService.swift; sourceTree = "<group>"; };
		98FB420C2238DDD600569143 /* LoginViewController.swift */ = {isa = PBXFileReference; lastKnownFileType = sourcecode.swift; path = LoginViewController.swift; sourceTree = "<group>"; };
		98FB420E2238DDE600569143 /* LoginViewController.xib */ = {isa = PBXFileReference; lastKnownFileType = file.xib; path = LoginViewController.xib; sourceTree = "<group>"; };
		98FB42102238E6E300569143 /* WebSocketService.swift */ = {isa = PBXFileReference; lastKnownFileType = sourcecode.swift; path = WebSocketService.swift; sourceTree = "<group>"; };
		A28DF2302C186CA30FDB9013 /* Pods_mattermost.framework */ = {isa = PBXFileReference; explicitFileType = wrapper.framework; includeInIndex = 0; path = Pods_mattermost.framework; sourceTree = BUILT_PRODUCTS_DIR; };
		BAF125BC5342248BDCA1E630 /* Pods-mattermost.release.xcconfig */ = {isa = PBXFileReference; includeInIndex = 1; lastKnownFileType = text.xcconfig; name = "Pods-mattermost.release.xcconfig"; path = "Pods/Target Support Files/Pods-mattermost/Pods-mattermost.release.xcconfig"; sourceTree = "<group>"; };
		DDC2645222241F2400513411 /* UsersService.swift */ = {isa = PBXFileReference; lastKnownFileType = sourcecode.swift; path = UsersService.swift; sourceTree = "<group>"; };
		DDDC531B22158BCF0032A9A3 /* BaseService.swift */ = {isa = PBXFileReference; lastKnownFileType = sourcecode.swift; path = BaseService.swift; sourceTree = "<group>"; };
/* End PBXFileReference section */

/* Begin PBXFrameworksBuildPhase section */
		98E8E659221553E700F13355 /* Frameworks */ = {
			isa = PBXFrameworksBuildPhase;
			buildActionMask = 2147483647;
			files = (
				6D84A9D4584D7B849E2324A0 /* Pods_mattermost.framework in Frameworks */,
			);
			runOnlyForDeploymentPostprocessing = 0;
		};
/* End PBXFrameworksBuildPhase section */

/* Begin PBXGroup section */
		51C4D6F218D827A91AE179A7 /* Frameworks */ = {
			isa = PBXGroup;
			children = (
				A28DF2302C186CA30FDB9013 /* Pods_mattermost.framework */,
			);
			name = Frameworks;
			sourceTree = "<group>";
		};
		9860B823223F8F6000132666 /* TransitionHandler */ = {
			isa = PBXGroup;
			children = (
				9860B824223F8FA900132666 /* UIViewController+TransitionHandler.swift */,
				9860B826223F8FB700132666 /* TransitionHandler.swift */,
			);
			path = TransitionHandler;
			sourceTree = "<group>";
		};
		98B51AA4223B7766003325FA /* models */ = {
			isa = PBXGroup;
			children = (
				98B51AA6223B7886003325FA /* User.swift */,
			);
			path = models;
			sourceTree = "<group>";
		};
		98B51AA5223B776C003325FA /* services */ = {
			isa = PBXGroup;
			children = (
				DDC2645222241F2400513411 /* UsersService.swift */,
				98FB42102238E6E300569143 /* WebSocketService.swift */,
			);
			path = services;
			sourceTree = "<group>";
		};
		98B51AA8223B794F003325FA /* DB */ = {
			isa = PBXGroup;
			children = (
				98FB42092238D7C900569143 /* ServerUrlsService.swift */,
			);
			path = DB;
			sourceTree = "<group>";
		};
		98B51AAB223B7A9C003325FA /* BussinesLogic */ = {
			isa = PBXGroup;
			children = (
				98B51AAC223B7AAE003325FA /* mvp */,
			);
			path = BussinesLogic;
			sourceTree = "<group>";
		};
		98B51AAC223B7AAE003325FA /* mvp */ = {
			isa = PBXGroup;
			children = (
				98B51AAD223B7AB8003325FA /* InputServer */,
			);
			path = mvp;
			sourceTree = "<group>";
		};
		98B51AAD223B7AB8003325FA /* InputServer */ = {
			isa = PBXGroup;
			children = (
				98B51AAE223B7AD2003325FA /* InputServerPresenter.swift */,
				9860B81D223F6C0300132666 /* InputServerPresenterAssembler.swift */,
			);
			path = InputServer;
			sourceTree = "<group>";
		};
		98D20C7222378F1B0093E094 /* PresentationLayer */ = {
			isa = PBXGroup;
			children = (
				98FB420B2238DDC700569143 /* Login */,
				98D20C7322378F450093E094 /* InputServer */,
			);
			path = PresentationLayer;
			sourceTree = "<group>";
		};
		98D20C7322378F450093E094 /* InputServer */ = {
			isa = PBXGroup;
			children = (
				98D20C7422378F5D0093E094 /* InputServerViewController.swift */,
				98FB42052238D22D00569143 /* InputServerViewController.xib */,
				98B51AA9223B7A7E003325FA /* InputServerAssembler.swift */,
				98B51AB0223B7B06003325FA /* InputServerContract.swift */,
				98B51ABB223BA72A003325FA /* InputServerTheme.swift */,
			);
			path = InputServer;
			sourceTree = "<group>";
		};
		98E8E653221553E700F13355 = {
			isa = PBXGroup;
			children = (
				98E8E65E221553E700F13355 /* mattermost */,
				98E8E65D221553E700F13355 /* Products */,
				C1D263C629006DF45E58F952 /* Pods */,
				51C4D6F218D827A91AE179A7 /* Frameworks */,
			);
			sourceTree = "<group>";
		};
		98E8E65D221553E700F13355 /* Products */ = {
			isa = PBXGroup;
			children = (
				98E8E65C221553E700F13355 /* mattermost.app */,
			);
			name = Products;
			sourceTree = "<group>";
		};
		98E8E65E221553E700F13355 /* mattermost */ = {
			isa = PBXGroup;
			children = (
				98B51AAB223B7A9C003325FA /* BussinesLogic */,
				98FB42072238D73E00569143 /* Core */,
				98D20C7222378F1B0093E094 /* PresentationLayer */,
				98B51AA8223B794F003325FA /* DB */,
				DDDC531A22158BBF0032A9A3 /* api */,
				98E8E65F221553E700F13355 /* AppDelegate.swift */,
				98E8E666221553EA00F13355 /* Assets.xcassets */,
				98E8E668221553EA00F13355 /* LaunchScreen.storyboard */,
				98E8E66B221553EA00F13355 /* Info.plist */,
			);
			path = mattermost;
			sourceTree = "<group>";
		};
		98FB42072238D73E00569143 /* Core */ = {
			isa = PBXGroup;
			children = (
				9860B823223F8F6000132666 /* TransitionHandler */,
				98B51AB3223B7F18003325FA /* BaseAssembler.swift */,
				98B51AB5223B7F47003325FA /* BaseView.swift */,
				98B51AB7223B7F51003325FA /* BasePresenter.swift */,
				9860B81F223F726C00132666 /* BaseViewController.swift */,
				9860B821223F858400132666 /* BaseRouter.swift */,
			);
			path = Core;
			sourceTree = "<group>";
		};
		98FB420B2238DDC700569143 /* Login */ = {
			isa = PBXGroup;
			children = (
				98FB420C2238DDD600569143 /* LoginViewController.swift */,
				98FB420E2238DDE600569143 /* LoginViewController.xib */,
			);
			path = Login;
			sourceTree = "<group>";
		};
		C1D263C629006DF45E58F952 /* Pods */ = {
			isa = PBXGroup;
			children = (
				3EE839562CBCE48AEC0431C1 /* Pods-mattermost.debug.xcconfig */,
				BAF125BC5342248BDCA1E630 /* Pods-mattermost.release.xcconfig */,
			);
			name = Pods;
			sourceTree = "<group>";
		};
		DDDC531A22158BBF0032A9A3 /* api */ = {
			isa = PBXGroup;
			children = (
				98B51AA5223B776C003325FA /* services */,
				98B51AA4223B7766003325FA /* models */,
				DDDC531B22158BCF0032A9A3 /* BaseService.swift */,
			);
			path = api;
			sourceTree = "<group>";
		};
/* End PBXGroup section */

/* Begin PBXNativeTarget section */
		98E8E65B221553E700F13355 /* mattermost */ = {
			isa = PBXNativeTarget;
			buildConfigurationList = 98E8E66E221553EA00F13355 /* Build configuration list for PBXNativeTarget "mattermost" */;
			buildPhases = (
				80E8F3E3D7220B5DF6F223E1 /* [CP] Check Pods Manifest.lock */,
				98E8E658221553E700F13355 /* Sources */,
				98E8E659221553E700F13355 /* Frameworks */,
				98E8E65A221553E700F13355 /* Resources */,
				981791192DEDEF2471CF2D04 /* [CP] Embed Pods Frameworks */,
			);
			buildRules = (
			);
			dependencies = (
			);
			name = mattermost;
			productName = mattermost;
			productReference = 98E8E65C221553E700F13355 /* mattermost.app */;
			productType = "com.apple.product-type.application";
		};
/* End PBXNativeTarget section */

/* Begin PBXProject section */
		98E8E654221553E700F13355 /* Project object */ = {
			isa = PBXProject;
			attributes = {
				LastSwiftUpdateCheck = 1010;
				LastUpgradeCheck = 1010;
				ORGANIZATIONNAME = "Vadim Salmin";
				TargetAttributes = {
					98E8E65B221553E700F13355 = {
						CreatedOnToolsVersion = 10.1;
					};
				};
			};
			buildConfigurationList = 98E8E657221553E700F13355 /* Build configuration list for PBXProject "mattermost" */;
			compatibilityVersion = "Xcode 9.3";
			developmentRegion = en;
			hasScannedForEncodings = 0;
			knownRegions = (
				en,
				Base,
			);
			mainGroup = 98E8E653221553E700F13355;
			productRefGroup = 98E8E65D221553E700F13355 /* Products */;
			projectDirPath = "";
			projectRoot = "";
			targets = (
				98E8E65B221553E700F13355 /* mattermost */,
			);
		};
/* End PBXProject section */

/* Begin PBXResourcesBuildPhase section */
		98E8E65A221553E700F13355 /* Resources */ = {
			isa = PBXResourcesBuildPhase;
			buildActionMask = 2147483647;
			files = (
				98FB420F2238DDE600569143 /* LoginViewController.xib in Resources */,
				98FB42062238D22D00569143 /* InputServerViewController.xib in Resources */,
				98E8E66A221553EA00F13355 /* LaunchScreen.storyboard in Resources */,
				98E8E667221553EA00F13355 /* Assets.xcassets in Resources */,
			);
			runOnlyForDeploymentPostprocessing = 0;
		};
/* End PBXResourcesBuildPhase section */

/* Begin PBXShellScriptBuildPhase section */
		80E8F3E3D7220B5DF6F223E1 /* [CP] Check Pods Manifest.lock */ = {
			isa = PBXShellScriptBuildPhase;
			buildActionMask = 2147483647;
			files = (
			);
			inputPaths = (
				"${PODS_PODFILE_DIR_PATH}/Podfile.lock",
				"${PODS_ROOT}/Manifest.lock",
			);
			name = "[CP] Check Pods Manifest.lock";
			outputPaths = (
				"$(DERIVED_FILE_DIR)/Pods-mattermost-checkManifestLockResult.txt",
			);
			runOnlyForDeploymentPostprocessing = 0;
			shellPath = /bin/sh;
			shellScript = "diff \"${PODS_PODFILE_DIR_PATH}/Podfile.lock\" \"${PODS_ROOT}/Manifest.lock\" > /dev/null\nif [ $? != 0 ] ; then\n    # print error to STDERR\n    echo \"error: The sandbox is not in sync with the Podfile.lock. Run 'pod install' or update your CocoaPods installation.\" >&2\n    exit 1\nfi\n# This output is used by Xcode 'outputs' to avoid re-running this script phase.\necho \"SUCCESS\" > \"${SCRIPT_OUTPUT_FILE_0}\"\n";
			showEnvVarsInLog = 0;
		};
		981791192DEDEF2471CF2D04 /* [CP] Embed Pods Frameworks */ = {
			isa = PBXShellScriptBuildPhase;
			buildActionMask = 2147483647;
			files = (
			);
			inputPaths = (
				"${SRCROOT}/Pods/Target Support Files/Pods-mattermost/Pods-mattermost-frameworks.sh",
				"${BUILT_PRODUCTS_DIR}/Alamofire/Alamofire.framework",
				"${BUILT_PRODUCTS_DIR}/PINCache/PINCache.framework",
				"${BUILT_PRODUCTS_DIR}/PINOperation/PINOperation.framework",
				"${BUILT_PRODUCTS_DIR}/PINRemoteImage/PINRemoteImage.framework",
				"${BUILT_PRODUCTS_DIR}/PromiseKit/PromiseKit.framework",
				"${BUILT_PRODUCTS_DIR}/Realm/Realm.framework",
				"${BUILT_PRODUCTS_DIR}/RealmSwift/RealmSwift.framework",
				"${BUILT_PRODUCTS_DIR}/SnapKit/SnapKit.framework",
				"${BUILT_PRODUCTS_DIR}/Starscream/Starscream.framework",
				"${BUILT_PRODUCTS_DIR}/SwiftWebSocket/SwiftWebSocket.framework",
				"${BUILT_PRODUCTS_DIR}/Texture/AsyncDisplayKit.framework",
			);
			name = "[CP] Embed Pods Frameworks";
			outputPaths = (
				"${TARGET_BUILD_DIR}/${FRAMEWORKS_FOLDER_PATH}/Alamofire.framework",
				"${TARGET_BUILD_DIR}/${FRAMEWORKS_FOLDER_PATH}/PINCache.framework",
				"${TARGET_BUILD_DIR}/${FRAMEWORKS_FOLDER_PATH}/PINOperation.framework",
				"${TARGET_BUILD_DIR}/${FRAMEWORKS_FOLDER_PATH}/PINRemoteImage.framework",
				"${TARGET_BUILD_DIR}/${FRAMEWORKS_FOLDER_PATH}/PromiseKit.framework",
				"${TARGET_BUILD_DIR}/${FRAMEWORKS_FOLDER_PATH}/Realm.framework",
				"${TARGET_BUILD_DIR}/${FRAMEWORKS_FOLDER_PATH}/RealmSwift.framework",
				"${TARGET_BUILD_DIR}/${FRAMEWORKS_FOLDER_PATH}/SnapKit.framework",
				"${TARGET_BUILD_DIR}/${FRAMEWORKS_FOLDER_PATH}/Starscream.framework",
				"${TARGET_BUILD_DIR}/${FRAMEWORKS_FOLDER_PATH}/SwiftWebSocket.framework",
				"${TARGET_BUILD_DIR}/${FRAMEWORKS_FOLDER_PATH}/AsyncDisplayKit.framework",
			);
			runOnlyForDeploymentPostprocessing = 0;
			shellPath = /bin/sh;
			shellScript = "\"${SRCROOT}/Pods/Target Support Files/Pods-mattermost/Pods-mattermost-frameworks.sh\"\n";
			showEnvVarsInLog = 0;
		};
/* End PBXShellScriptBuildPhase section */

/* Begin PBXSourcesBuildPhase section */
		98E8E658221553E700F13355 /* Sources */ = {
			isa = PBXSourcesBuildPhase;
			buildActionMask = 2147483647;
			files = (
				98FB420D2238DDD600569143 /* LoginViewController.swift in Sources */,
				9860B825223F8FA900132666 /* UIViewController+TransitionHandler.swift in Sources */,
				98B51AB8223B7F51003325FA /* BasePresenter.swift in Sources */,
				9860B827223F8FB700132666 /* TransitionHandler.swift in Sources */,
				98B51AB6223B7F47003325FA /* BaseView.swift in Sources */,
				9860B81E223F6C0300132666 /* InputServerPresenterAssembler.swift in Sources */,
				9860B822223F858400132666 /* BaseRouter.swift in Sources */,
				98D20C7522378F5D0093E094 /* InputServerViewController.swift in Sources */,
				98B51ABC223BA72A003325FA /* InputServerTheme.swift in Sources */,
				98B51AAF223B7AD2003325FA /* InputServerPresenter.swift in Sources */,
				9860B820223F726C00132666 /* BaseViewController.swift in Sources */,
				DDC2645322241F2400513411 /* UsersService.swift in Sources */,
				98FB42112238E6E300569143 /* WebSocketService.swift in Sources */,
				98B51AA7223B7886003325FA /* User.swift in Sources */,
				98FB420A2238D7C900569143 /* ServerUrlsService.swift in Sources */,
				98B51AAA223B7A7E003325FA /* InputServerAssembler.swift in Sources */,
				DDDC531C22158BCF0032A9A3 /* BaseService.swift in Sources */,
				98B51AB1223B7B06003325FA /* InputServerContract.swift in Sources */,
				98E8E660221553E700F13355 /* AppDelegate.swift in Sources */,
				98B51AB4223B7F18003325FA /* BaseAssembler.swift in Sources */,
			);
			runOnlyForDeploymentPostprocessing = 0;
		};
/* End PBXSourcesBuildPhase section */

/* Begin PBXVariantGroup section */
		98E8E668221553EA00F13355 /* LaunchScreen.storyboard */ = {
			isa = PBXVariantGroup;
			children = (
				98E8E669221553EA00F13355 /* Base */,
			);
			name = LaunchScreen.storyboard;
			sourceTree = "<group>";
		};
/* End PBXVariantGroup section */

/* Begin XCBuildConfiguration section */
		98E8E66C221553EA00F13355 /* Debug */ = {
			isa = XCBuildConfiguration;
			buildSettings = {
				ALWAYS_SEARCH_USER_PATHS = NO;
				CLANG_ANALYZER_NONNULL = YES;
				CLANG_ANALYZER_NUMBER_OBJECT_CONVERSION = YES_AGGRESSIVE;
				CLANG_CXX_LANGUAGE_STANDARD = "gnu++14";
				CLANG_CXX_LIBRARY = "libc++";
				CLANG_ENABLE_MODULES = YES;
				CLANG_ENABLE_OBJC_ARC = YES;
				CLANG_ENABLE_OBJC_WEAK = YES;
				CLANG_WARN_BLOCK_CAPTURE_AUTORELEASING = YES;
				CLANG_WARN_BOOL_CONVERSION = YES;
				CLANG_WARN_COMMA = YES;
				CLANG_WARN_CONSTANT_CONVERSION = YES;
				CLANG_WARN_DEPRECATED_OBJC_IMPLEMENTATIONS = YES;
				CLANG_WARN_DIRECT_OBJC_ISA_USAGE = YES_ERROR;
				CLANG_WARN_DOCUMENTATION_COMMENTS = YES;
				CLANG_WARN_EMPTY_BODY = YES;
				CLANG_WARN_ENUM_CONVERSION = YES;
				CLANG_WARN_INFINITE_RECURSION = YES;
				CLANG_WARN_INT_CONVERSION = YES;
				CLANG_WARN_NON_LITERAL_NULL_CONVERSION = YES;
				CLANG_WARN_OBJC_IMPLICIT_RETAIN_SELF = YES;
				CLANG_WARN_OBJC_LITERAL_CONVERSION = YES;
				CLANG_WARN_OBJC_ROOT_CLASS = YES_ERROR;
				CLANG_WARN_RANGE_LOOP_ANALYSIS = YES;
				CLANG_WARN_STRICT_PROTOTYPES = YES;
				CLANG_WARN_SUSPICIOUS_MOVE = YES;
				CLANG_WARN_UNGUARDED_AVAILABILITY = YES_AGGRESSIVE;
				CLANG_WARN_UNREACHABLE_CODE = YES;
				CLANG_WARN__DUPLICATE_METHOD_MATCH = YES;
				CODE_SIGN_IDENTITY = "iPhone Developer";
				COPY_PHASE_STRIP = NO;
				DEBUG_INFORMATION_FORMAT = dwarf;
				ENABLE_STRICT_OBJC_MSGSEND = YES;
				ENABLE_TESTABILITY = YES;
				GCC_C_LANGUAGE_STANDARD = gnu11;
				GCC_DYNAMIC_NO_PIC = NO;
				GCC_NO_COMMON_BLOCKS = YES;
				GCC_OPTIMIZATION_LEVEL = 0;
				GCC_PREPROCESSOR_DEFINITIONS = (
					"DEBUG=1",
					"$(inherited)",
				);
				GCC_WARN_64_TO_32_BIT_CONVERSION = YES;
				GCC_WARN_ABOUT_RETURN_TYPE = YES_ERROR;
				GCC_WARN_UNDECLARED_SELECTOR = YES;
				GCC_WARN_UNINITIALIZED_AUTOS = YES_AGGRESSIVE;
				GCC_WARN_UNUSED_FUNCTION = YES;
				GCC_WARN_UNUSED_VARIABLE = YES;
				IPHONEOS_DEPLOYMENT_TARGET = 12.1;
				MTL_ENABLE_DEBUG_INFO = INCLUDE_SOURCE;
				MTL_FAST_MATH = YES;
				ONLY_ACTIVE_ARCH = YES;
				SDKROOT = iphoneos;
				SWIFT_ACTIVE_COMPILATION_CONDITIONS = DEBUG;
				SWIFT_OPTIMIZATION_LEVEL = "-Onone";
			};
			name = Debug;
		};
		98E8E66D221553EA00F13355 /* Release */ = {
			isa = XCBuildConfiguration;
			buildSettings = {
				ALWAYS_SEARCH_USER_PATHS = NO;
				CLANG_ANALYZER_NONNULL = YES;
				CLANG_ANALYZER_NUMBER_OBJECT_CONVERSION = YES_AGGRESSIVE;
				CLANG_CXX_LANGUAGE_STANDARD = "gnu++14";
				CLANG_CXX_LIBRARY = "libc++";
				CLANG_ENABLE_MODULES = YES;
				CLANG_ENABLE_OBJC_ARC = YES;
				CLANG_ENABLE_OBJC_WEAK = YES;
				CLANG_WARN_BLOCK_CAPTURE_AUTORELEASING = YES;
				CLANG_WARN_BOOL_CONVERSION = YES;
				CLANG_WARN_COMMA = YES;
				CLANG_WARN_CONSTANT_CONVERSION = YES;
				CLANG_WARN_DEPRECATED_OBJC_IMPLEMENTATIONS = YES;
				CLANG_WARN_DIRECT_OBJC_ISA_USAGE = YES_ERROR;
				CLANG_WARN_DOCUMENTATION_COMMENTS = YES;
				CLANG_WARN_EMPTY_BODY = YES;
				CLANG_WARN_ENUM_CONVERSION = YES;
				CLANG_WARN_INFINITE_RECURSION = YES;
				CLANG_WARN_INT_CONVERSION = YES;
				CLANG_WARN_NON_LITERAL_NULL_CONVERSION = YES;
				CLANG_WARN_OBJC_IMPLICIT_RETAIN_SELF = YES;
				CLANG_WARN_OBJC_LITERAL_CONVERSION = YES;
				CLANG_WARN_OBJC_ROOT_CLASS = YES_ERROR;
				CLANG_WARN_RANGE_LOOP_ANALYSIS = YES;
				CLANG_WARN_STRICT_PROTOTYPES = YES;
				CLANG_WARN_SUSPICIOUS_MOVE = YES;
				CLANG_WARN_UNGUARDED_AVAILABILITY = YES_AGGRESSIVE;
				CLANG_WARN_UNREACHABLE_CODE = YES;
				CLANG_WARN__DUPLICATE_METHOD_MATCH = YES;
				CODE_SIGN_IDENTITY = "iPhone Developer";
				COPY_PHASE_STRIP = NO;
				DEBUG_INFORMATION_FORMAT = "dwarf-with-dsym";
				ENABLE_NS_ASSERTIONS = NO;
				ENABLE_STRICT_OBJC_MSGSEND = YES;
				GCC_C_LANGUAGE_STANDARD = gnu11;
				GCC_NO_COMMON_BLOCKS = YES;
				GCC_WARN_64_TO_32_BIT_CONVERSION = YES;
				GCC_WARN_ABOUT_RETURN_TYPE = YES_ERROR;
				GCC_WARN_UNDECLARED_SELECTOR = YES;
				GCC_WARN_UNINITIALIZED_AUTOS = YES_AGGRESSIVE;
				GCC_WARN_UNUSED_FUNCTION = YES;
				GCC_WARN_UNUSED_VARIABLE = YES;
				IPHONEOS_DEPLOYMENT_TARGET = 12.1;
				MTL_ENABLE_DEBUG_INFO = NO;
				MTL_FAST_MATH = YES;
				SDKROOT = iphoneos;
				SWIFT_COMPILATION_MODE = wholemodule;
				SWIFT_OPTIMIZATION_LEVEL = "-O";
				VALIDATE_PRODUCT = YES;
			};
			name = Release;
		};
		98E8E66F221553EA00F13355 /* Debug */ = {
			isa = XCBuildConfiguration;
			baseConfigurationReference = 3EE839562CBCE48AEC0431C1 /* Pods-mattermost.debug.xcconfig */;
			buildSettings = {
				ASSETCATALOG_COMPILER_APPICON_NAME = AppIcon;
				CODE_SIGN_STYLE = Automatic;
				INFOPLIST_FILE = mattermost/Info.plist;
				LD_RUNPATH_SEARCH_PATHS = (
					"$(inherited)",
					"@executable_path/Frameworks",
				);
				PRODUCT_BUNDLE_IDENTIFIER = com.mattermost;
				PRODUCT_NAME = "$(TARGET_NAME)";
				SWIFT_VERSION = 4.2;
				TARGETED_DEVICE_FAMILY = "1,2";
			};
			name = Debug;
		};
		98E8E670221553EA00F13355 /* Release */ = {
			isa = XCBuildConfiguration;
			baseConfigurationReference = BAF125BC5342248BDCA1E630 /* Pods-mattermost.release.xcconfig */;
			buildSettings = {
				ASSETCATALOG_COMPILER_APPICON_NAME = AppIcon;
				CODE_SIGN_STYLE = Automatic;
				INFOPLIST_FILE = mattermost/Info.plist;
				LD_RUNPATH_SEARCH_PATHS = (
					"$(inherited)",
					"@executable_path/Frameworks",
				);
				PRODUCT_BUNDLE_IDENTIFIER = com.mattermost;
				PRODUCT_NAME = "$(TARGET_NAME)";
				SWIFT_VERSION = 4.2;
				TARGETED_DEVICE_FAMILY = "1,2";
			};
			name = Release;
		};
/* End XCBuildConfiguration section */

/* Begin XCConfigurationList section */
		98E8E657221553E700F13355 /* Build configuration list for PBXProject "mattermost" */ = {
			isa = XCConfigurationList;
			buildConfigurations = (
				98E8E66C221553EA00F13355 /* Debug */,
				98E8E66D221553EA00F13355 /* Release */,
			);
			defaultConfigurationIsVisible = 0;
			defaultConfigurationName = Release;
		};
		98E8E66E221553EA00F13355 /* Build configuration list for PBXNativeTarget "mattermost" */ = {
			isa = XCConfigurationList;
			buildConfigurations = (
				98E8E66F221553EA00F13355 /* Debug */,
				98E8E670221553EA00F13355 /* Release */,
			);
			defaultConfigurationIsVisible = 0;
			defaultConfigurationName = Release;
		};
/* End XCConfigurationList section */
	};
	rootObject = 98E8E654221553E700F13355 /* Project object */;
}
